
Microsoft Visual Studio Solution File, Format Version 12.00
# Visual Studio 2015
Project("{FAE04EC0-301F-11D3-BF4B-00C04F79EFBC}") = "FinalProject.CSharp.Plugins", "FinalProject.CSharp.Plugins.csproj", "{4125AECC-B4DF-8C6F-3D8F-13279FF75CBE}"
EndProject
Project("{FAE04EC0-301F-11D3-BF4B-00C04F79EFBC}") = "FinalProject.CSharp", "FinalProject.CSharp.csproj", "{789CD091-CB6D-895A-BD0D-2483BD8C713E}"
EndProject
Project("{FAE04EC0-301F-11D3-BF4B-00C04F79EFBC}") = "FinalProject.CSharp.Editor", "FinalProject.CSharp.Editor.csproj", "{414B4123-E9B4-8B45-22EF-2D5FC89F662B}"
EndProject
Global
	GlobalSection(SolutionConfigurationPlatforms) = preSolution
		Debug|Any CPU = Debug|Any CPU
		Release|Any CPU = Release|Any CPU
	EndGlobalSection
	GlobalSection(ProjectConfigurationPlatforms) = postSolution
		{4125AECC-B4DF-8C6F-3D8F-13279FF75CBE}.Debug|Any CPU.ActiveCfg = Debug|Any CPU
		{4125AECC-B4DF-8C6F-3D8F-13279FF75CBE}.Debug|Any CPU.Build.0 = Debug|Any CPU
		{4125AECC-B4DF-8C6F-3D8F-13279FF75CBE}.Release|Any CPU.ActiveCfg = Release|Any CPU
		{4125AECC-B4DF-8C6F-3D8F-13279FF75CBE}.Release|Any CPU.Build.0 = Release|Any CPU
		{789CD091-CB6D-895A-BD0D-2483BD8C713E}.Debug|Any CPU.ActiveCfg = Debug|Any CPU
		{789CD091-CB6D-895A-BD0D-2483BD8C713E}.Debug|Any CPU.Build.0 = Debug|Any CPU
		{789CD091-CB6D-895A-BD0D-2483BD8C713E}.Release|Any CPU.ActiveCfg = Release|Any CPU
		{789CD091-CB6D-895A-BD0D-2483BD8C713E}.Release|Any CPU.Build.0 = Release|Any CPU
		{414B4123-E9B4-8B45-22EF-2D5FC89F662B}.Debug|Any CPU.ActiveCfg = Debug|Any CPU
		{414B4123-E9B4-8B45-22EF-2D5FC89F662B}.Debug|Any CPU.Build.0 = Debug|Any CPU
		{414B4123-E9B4-8B45-22EF-2D5FC89F662B}.Release|Any CPU.ActiveCfg = Release|Any CPU
		{414B4123-E9B4-8B45-22EF-2D5FC89F662B}.Release|Any CPU.Build.0 = Release|Any CPU
	EndGlobalSection
	GlobalSection(SolutionProperties) = preSolution
		HideSolutionNode = FALSE
	EndGlobalSection
EndGlobal
